// !$*UTF8*$!
{
	archiveVersion = 1;
	classes = {
	};
	objectVersion = 50;
	objects = {

/* Begin PBXBuildFile section */
		3A6D1E40223D8D4A002BBBBF /* AppDelegate.swift in Sources */ = {isa = PBXBuildFile; fileRef = 3A6D1E3F223D8D4A002BBBBF /* AppDelegate.swift */; };
		3A6D1E42223D8D4A002BBBBF /* DriveAlertViewController.swift in Sources */ = {isa = PBXBuildFile; fileRef = 3A6D1E41223D8D4A002BBBBF /* DriveAlertViewController.swift */; };
		3A6D1E45223D8D4A002BBBBF /* Main.storyboard in Resources */ = {isa = PBXBuildFile; fileRef = 3A6D1E43223D8D4A002BBBBF /* Main.storyboard */; };
		3A6D1E47223D8D4D002BBBBF /* Assets.xcassets in Resources */ = {isa = PBXBuildFile; fileRef = 3A6D1E46223D8D4D002BBBBF /* Assets.xcassets */; };
		3A6D1E4A223D8D4D002BBBBF /* LaunchScreen.storyboard in Resources */ = {isa = PBXBuildFile; fileRef = 3A6D1E48223D8D4D002BBBBF /* LaunchScreen.storyboard */; };
/* End PBXBuildFile section */

/* Begin PBXFileReference section */
		3A6D1E3C223D8D4A002BBBBF /* DriveAlert.app */ = {isa = PBXFileReference; explicitFileType = wrapper.application; includeInIndex = 0; path = DriveAlert.app; sourceTree = BUILT_PRODUCTS_DIR; };
		3A6D1E3F223D8D4A002BBBBF /* AppDelegate.swift */ = {isa = PBXFileReference; lastKnownFileType = sourcecode.swift; path = AppDelegate.swift; sourceTree = "<group>"; };
		3A6D1E41223D8D4A002BBBBF /* DriveAlertViewController.swift */ = {isa = PBXFileReference; lastKnownFileType = sourcecode.swift; path = DriveAlertViewController.swift; sourceTree = "<group>"; };
		3A6D1E44223D8D4A002BBBBF /* Base */ = {isa = PBXFileReference; lastKnownFileType = file.storyboard; name = Base; path = Base.lproj/Main.storyboard; sourceTree = "<group>"; };
		3A6D1E46223D8D4D002BBBBF /* Assets.xcassets */ = {isa = PBXFileReference; lastKnownFileType = folder.assetcatalog; path = Assets.xcassets; sourceTree = "<group>"; };
		3A6D1E49223D8D4D002BBBBF /* Base */ = {isa = PBXFileReference; lastKnownFileType = file.storyboard; name = Base; path = Base.lproj/LaunchScreen.storyboard; sourceTree = "<group>"; };
		3A6D1E4B223D8D4D002BBBBF /* Info.plist */ = {isa = PBXFileReference; lastKnownFileType = text.plist.xml; path = Info.plist; sourceTree = "<group>"; };
/* End PBXFileReference section */

/* Begin PBXFrameworksBuildPhase section */
		3A6D1E39223D8D4A002BBBBF /* Frameworks */ = {
			isa = PBXFrameworksBuildPhase;
			buildActionMask = 2147483647;
			files = (
			);
			runOnlyForDeploymentPostprocessing = 0;
		};
/* End PBXFrameworksBuildPhase section */

/* Begin PBXGroup section */
		3A6D1E33223D8D4A002BBBBF = {
			isa = PBXGroup;
			children = (
				3A6D1E3E223D8D4A002BBBBF /* DriveAlert */,
				3A6D1E3D223D8D4A002BBBBF /* Products */,
			);
			sourceTree = "<group>";
		};
		3A6D1E3D223D8D4A002BBBBF /* Products */ = {
			isa = PBXGroup;
			children = (
				3A6D1E3C223D8D4A002BBBBF /* DriveAlert.app */,
			);
			name = Products;
			sourceTree = "<group>";
		};
		3A6D1E3E223D8D4A002BBBBF /* DriveAlert */ = {
			isa = PBXGroup;
			children = (
				3A6D1E3F223D8D4A002BBBBF /* AppDelegate.swift */,
				3A6D1E41223D8D4A002BBBBF /* DriveAlertViewController.swift */,
				3A6D1E43223D8D4A002BBBBF /* Main.storyboard */,
				3A6D1E46223D8D4D002BBBBF /* Assets.xcassets */,
				3A6D1E48223D8D4D002BBBBF /* LaunchScreen.storyboard */,
				3A6D1E4B223D8D4D002BBBBF /* Info.plist */,
			);
			path = DriveAlert;
			sourceTree = "<group>";
		};
/* End PBXGroup section */

/* Begin PBXNativeTarget section */
		3A6D1E3B223D8D4A002BBBBF /* DriveAlert */ = {
			isa = PBXNativeTarget;
			buildConfigurationList = 3A6D1E4E223D8D4D002BBBBF /* Build configuration list for PBXNativeTarget "DriveAlert" */;
			buildPhases = (
				3A6D1E38223D8D4A002BBBBF /* Sources */,
				3A6D1E39223D8D4A002BBBBF /* Frameworks */,
				3A6D1E3A223D8D4A002BBBBF /* Resources */,
			);
			buildRules = (
			);
			dependencies = (
			);
			name = DriveAlert;
			productName = DriveAlert;
			productReference = 3A6D1E3C223D8D4A002BBBBF /* DriveAlert.app */;
			productType = "com.apple.product-type.application";
		};
/* End PBXNativeTarget section */

/* Begin PBXProject section */
		3A6D1E34223D8D4A002BBBBF /* Project object */ = {
			isa = PBXProject;
			attributes = {
				LastSwiftUpdateCheck = 1010;
				LastUpgradeCheck = 1010;
				ORGANIZATIONNAME = "Hadeel Elmadhoon";
				TargetAttributes = {
					3A6D1E3B223D8D4A002BBBBF = {
						CreatedOnToolsVersion = 10.1;
					};
				};
			};
			buildConfigurationList = 3A6D1E37223D8D4A002BBBBF /* Build configuration list for PBXProject "DriveAlert" */;
			compatibilityVersion = "Xcode 9.3";
			developmentRegion = en;
			hasScannedForEncodings = 0;
			knownRegions = (
				en,
				Base,
			);
			mainGroup = 3A6D1E33223D8D4A002BBBBF;
			productRefGroup = 3A6D1E3D223D8D4A002BBBBF /* Products */;
			projectDirPath = "";
			projectRoot = "";
			targets = (
				3A6D1E3B223D8D4A002BBBBF /* DriveAlert */,
			);
		};
/* End PBXProject section */

/* Begin PBXResourcesBuildPhase section */
		3A6D1E3A223D8D4A002BBBBF /* Resources */ = {
			isa = PBXResourcesBuildPhase;
			buildActionMask = 2147483647;
			files = (
				3A6D1E4A223D8D4D002BBBBF /* LaunchScreen.storyboard in Resources */,
				3A6D1E47223D8D4D002BBBBF /* Assets.xcassets in Resources */,
				3A6D1E45223D8D4A002BBBBF /* Main.storyboard in Resources */,
			);
			runOnlyForDeploymentPostprocessing = 0;
		};
/* End PBXResourcesBuildPhase section */

/* Begin PBXSourcesBuildPhase section */
		3A6D1E38223D8D4A002BBBBF /* Sources */ = {
			isa = PBXSourcesBuildPhase;
			buildActionMask = 2147483647;
			files = (
				3A6D1E42223D8D4A002BBBBF /* DriveAlertViewController.swift in Sources */,
				3A6D1E40223D8D4A002BBBBF /* AppDelegate.swift in Sources */,
			);
			runOnlyForDeploymentPostprocessing = 0;
		};
/* End PBXSourcesBuildPhase section */

/* Begin PBXVariantGroup section */
		3A6D1E43223D8D4A002BBBBF /* Main.storyboard */ = {
			isa = PBXVariantGroup;
			children = (
				3A6D1E44223D8D4A002BBBBF /* Base */,
			);
			name = Main.storyboard;
			sourceTree = "<group>";
		};
		3A6D1E48223D8D4D002BBBBF /* LaunchScreen.storyboard */ = {
			isa = PBXVariantGroup;
			children = (
				3A6D1E49223D8D4D002BBBBF /* Base */,
			);
			name = LaunchScreen.storyboard;
			sourceTree = "<group>";
		};
/* End PBXVariantGroup section */

/* Begin XCBuildConfiguration section */
		3A6D1E4C223D8D4D002BBBBF /* Debug */ = {
			isa = XCBuildConfiguration;
			buildSettings = {
				ALWAYS_SEARCH_USER_PATHS = NO;
				CLANG_ANALYZER_NONNULL = YES;
				CLANG_ANALYZER_NUMBER_OBJECT_CONVERSION = YES_AGGRESSIVE;
				CLANG_CXX_LANGUAGE_STANDARD = "gnu++14";
				CLANG_CXX_LIBRARY = "libc++";
				CLANG_ENABLE_MODULES = YES;
				CLANG_ENABLE_OBJC_ARC = YES;
				CLANG_ENABLE_OBJC_WEAK = YES;
				CLANG_WARN_BLOCK_CAPTURE_AUTORELEASING = YES;
				CLANG_WARN_BOOL_CONVERSION = YES;
				CLANG_WARN_COMMA = YES;
				CLANG_WARN_CONSTANT_CONVERSION = YES;
				CLANG_WARN_DEPRECATED_OBJC_IMPLEMENTATIONS = YES;
				CLANG_WARN_DIRECT_OBJC_ISA_USAGE = YES_ERROR;
				CLANG_WARN_DOCUMENTATION_COMMENTS = YES;
				CLANG_WARN_EMPTY_BODY = YES;
				CLANG_WARN_ENUM_CONVERSION = YES;
				CLANG_WARN_INFINITE_RECURSION = YES;
				CLANG_WARN_INT_CONVERSION = YES;
				CLANG_WARN_NON_LITERAL_NULL_CONVERSION = YES;
				CLANG_WARN_OBJC_IMPLICIT_RETAIN_SELF = YES;
				CLANG_WARN_OBJC_LITERAL_CONVERSION = YES;
				CLANG_WARN_OBJC_ROOT_CLASS = YES_ERROR;
				CLANG_WARN_RANGE_LOOP_ANALYSIS = YES;
				CLANG_WARN_STRICT_PROTOTYPES = YES;
				CLANG_WARN_SUSPICIOUS_MOVE = YES;
				CLANG_WARN_UNGUARDED_AVAILABILITY = YES_AGGRESSIVE;
				CLANG_WARN_UNREACHABLE_CODE = YES;
				CLANG_WARN__DUPLICATE_METHOD_MATCH = YES;
				CODE_SIGN_IDENTITY = "iPhone Developer";
				COPY_PHASE_STRIP = NO;
				DEBUG_INFORMATION_FORMAT = dwarf;
				ENABLE_STRICT_OBJC_MSGSEND = YES;
				ENABLE_TESTABILITY = YES;
				GCC_C_LANGUAGE_STANDARD = gnu11;
				GCC_DYNAMIC_NO_PIC = NO;
				GCC_NO_COMMON_BLOCKS = YES;
				GCC_OPTIMIZATION_LEVEL = 0;
				GCC_PREPROCESSOR_DEFINITIONS = (
					"DEBUG=1",
					"$(inherited)",
				);
				GCC_WARN_64_TO_32_BIT_CONVERSION = YES;
				GCC_WARN_ABOUT_RETURN_TYPE = YES_ERROR;
				GCC_WARN_UNDECLARED_SELECTOR = YES;
				GCC_WARN_UNINITIALIZED_AUTOS = YES_AGGRESSIVE;
				GCC_WARN_UNUSED_FUNCTION = YES;
				GCC_WARN_UNUSED_VARIABLE = YES;
				IPHONEOS_DEPLOYMENT_TARGET = 12.1;
				MTL_ENABLE_DEBUG_INFO = INCLUDE_SOURCE;
				MTL_FAST_MATH = YES;
				ONLY_ACTIVE_ARCH = YES;
				SDKROOT = iphoneos;
				SWIFT_ACTIVE_COMPILATION_CONDITIONS = DEBUG;
				SWIFT_OPTIMIZATION_LEVEL = "-Onone";
			};
			name = Debug;
		};
		3A6D1E4D223D8D4D002BBBBF /* Release */ = {
			isa = XCBuildConfiguration;
			buildSettings = {
				ALWAYS_SEARCH_USER_PATHS = NO;
				CLANG_ANALYZER_NONNULL = YES;
				CLANG_ANALYZER_NUMBER_OBJECT_CONVERSION = YES_AGGRESSIVE;
				CLANG_CXX_LANGUAGE_STANDARD = "gnu++14";
				CLANG_CXX_LIBRARY = "libc++";
				CLANG_ENABLE_MODULES = YES;
				CLANG_ENABLE_OBJC_ARC = YES;
				CLANG_ENABLE_OBJC_WEAK = YES;
				CLANG_WARN_BLOCK_CAPTURE_AUTORELEASING = YES;
				CLANG_WARN_BOOL_CONVERSION = YES;
				CLANG_WARN_COMMA = YES;
				CLANG_WARN_CONSTANT_CONVERSION = YES;
				CLANG_WARN_DEPRECATED_OBJC_IMPLEMENTATIONS = YES;
				CLANG_WARN_DIRECT_OBJC_ISA_USAGE = YES_ERROR;
				CLANG_WARN_DOCUMENTATION_COMMENTS = YES;
				CLANG_WARN_EMPTY_BODY = YES;
				CLANG_WARN_ENUM_CONVERSION = YES;
				CLANG_WARN_INFINITE_RECURSION = YES;
				CLANG_WARN_INT_CONVERSION = YES;
				CLANG_WARN_NON_LITERAL_NULL_CONVERSION = YES;
				CLANG_WARN_OBJC_IMPLICIT_RETAIN_SELF = YES;
				CLANG_WARN_OBJC_LITERAL_CONVERSION = YES;
				CLANG_WARN_OBJC_ROOT_CLASS = YES_ERROR;
				CLANG_WARN_RANGE_LOOP_ANALYSIS = YES;
				CLANG_WARN_STRICT_PROTOTYPES = YES;
				CLANG_WARN_SUSPICIOUS_MOVE = YES;
				CLANG_WARN_UNGUARDED_AVAILABILITY = YES_AGGRESSIVE;
				CLANG_WARN_UNREACHABLE_CODE = YES;
				CLANG_WARN__DUPLICATE_METHOD_MATCH = YES;
				CODE_SIGN_IDENTITY = "iPhone Developer";
				COPY_PHASE_STRIP = NO;
				DEBUG_INFORMATION_FORMAT = "dwarf-with-dsym";
				ENABLE_NS_ASSERTIONS = NO;
				ENABLE_STRICT_OBJC_MSGSEND = YES;
				GCC_C_LANGUAGE_STANDARD = gnu11;
				GCC_NO_COMMON_BLOCKS = YES;
				GCC_WARN_64_TO_32_BIT_CONVERSION = YES;
				GCC_WARN_ABOUT_RETURN_TYPE = YES_ERROR;
				GCC_WARN_UNDECLARED_SELECTOR = YES;
				GCC_WARN_UNINITIALIZED_AUTOS = YES_AGGRESSIVE;
				GCC_WARN_UNUSED_FUNCTION = YES;
				GCC_WARN_UNUSED_VARIABLE = YES;
				IPHONEOS_DEPLOYMENT_TARGET = 12.1;
				MTL_ENABLE_DEBUG_INFO = NO;
				MTL_FAST_MATH = YES;
				SDKROOT = iphoneos;
				SWIFT_COMPILATION_MODE = wholemodule;
				SWIFT_OPTIMIZATION_LEVEL = "-O";
				VALIDATE_PRODUCT = YES;
			};
			name = Release;
		};
		3A6D1E4F223D8D4D002BBBBF /* Debug */ = {
			isa = XCBuildConfiguration;
			buildSettings = {
				ASSETCATALOG_COMPILER_APPICON_NAME = AppIcon;
				CODE_SIGN_STYLE = Automatic;
				DEVELOPMENT_TEAM = 6VU57PTB24;
				INFOPLIST_FILE = DriveAlert/Info.plist;
				LD_RUNPATH_SEARCH_PATHS = (
					"$(inherited)",
					"@executable_path/Frameworks",
				);
				PRODUCT_BUNDLE_IDENTIFIER = com.hadeelelmadhoon.DriveAlert;
				PRODUCT_NAME = "$(TARGET_NAME)";
				SWIFT_VERSION = 4.2;
				TARGETED_DEVICE_FAMILY = 1;
			};
			name = Debug;
		};
		3A6D1E50223D8D4D002BBBBF /* Release */ = {
			isa = XCBuildConfiguration;
			buildSettings = {
				ASSETCATALOG_COMPILER_APPICON_NAME = AppIcon;
				CODE_SIGN_STYLE = Automatic;
				DEVELOPMENT_TEAM = 6VU57PTB24;
				INFOPLIST_FILE = DriveAlert/Info.plist;
				LD_RUNPATH_SEARCH_PATHS = (
					"$(inherited)",
					"@executable_path/Frameworks",
				);
				PRODUCT_BUNDLE_IDENTIFIER = com.hadeelelmadhoon.DriveAlert;
				PRODUCT_NAME = "$(TARGET_NAME)";
				SWIFT_VERSION = 4.2;
				TARGETED_DEVICE_FAMILY = 1;
			};
			name = Release;
		};
/* End XCBuildConfiguration section */

/* Begin XCConfigurationList section */
		3A6D1E37223D8D4A002BBBBF /* Build configuration list for PBXProject "DriveAlert" */ = {
			isa = XCConfigurationList;
			buildConfigurations = (
				3A6D1E4C223D8D4D002BBBBF /* Debug */,
				3A6D1E4D223D8D4D002BBBBF /* Release */,
			);
			defaultConfigurationIsVisible = 0;
			defaultConfigurationName = Release;
		};
		3A6D1E4E223D8D4D002BBBBF /* Build configuration list for PBXNativeTarget "DriveAlert" */ = {
			isa = XCConfigurationList;
			buildConfigurations = (
				3A6D1E4F223D8D4D002BBBBF /* Debug */,
				3A6D1E50223D8D4D002BBBBF /* Release */,
			);
			defaultConfigurationIsVisible = 0;
			defaultConfigurationName = Release;
		};
/* End XCConfigurationList section */
	};
	rootObject = 3A6D1E34223D8D4A002BBBBF /* Project object */;
}
